
Microsoft Visual Studio Solution File, Format Version 12.00
# Visual Studio Version 17
VisualStudioVersion = 17.9.34701.34
MinimumVisualStudioVersion = 10.0.40219.1
Project("{FAE04EC0-301F-11D3-BF4B-00C04F79EFBC}") = "WpfApp_HW_5_Parallel_programming", "WpfApp_HW_5_Parallel_programming.csproj", "{7EF3DD96-A54A-4DD0-BACF-E675419FD43D}"
EndProject
Global
	GlobalSection(SolutionConfigurationPlatforms) = preSolution
		Debug|Any CPU = Debug|Any CPU
		Release|Any CPU = Release|Any CPU
	EndGlobalSection
	GlobalSection(ProjectConfigurationPlatforms) = postSolution
		{7EF3DD96-A54A-4DD0-BACF-E675419FD43D}.Debug|Any CPU.ActiveCfg = Debug|Any CPU
		{7EF3DD96-A54A-4DD0-BACF-E675419FD43D}.Debug|Any CPU.Build.0 = Debug|Any CPU
		{7EF3DD96-A54A-4DD0-BACF-E675419FD43D}.Release|Any CPU.ActiveCfg = Release|Any CPU
		{7EF3DD96-A54A-4DD0-BACF-E675419FD43D}.Release|Any CPU.Build.0 = Release|Any CPU
	EndGlobalSection
	GlobalSection(SolutionProperties) = preSolution
		HideSolutionNode = FALSE
	EndGlobalSection
	GlobalSection(ExtensibilityGlobals) = postSolution
		SolutionGuid = {C61E4CB3-3D50-4F61-A97F-A80D0F7AAAA3}
	EndGlobalSection
EndGlobal
